
Microsoft Visual Studio Solution File, Format Version 12.00
# Visual Studio Version 17
VisualStudioVersion = 17.4.33110.190
MinimumVisualStudioVersion = 10.0.40219.1
Project("{FAE04EC0-301F-11D3-BF4B-00C04F79EFBC}") = "Ucus_Rezervasyon_Sistemi", "Ucus_Rezervasyon_Sistemi\Ucus_Rezervasyon_Sistemi.csproj", "{32CC6EFB-70EE-4178-8476-353825F8DCB7}"
EndProject
Global
	GlobalSection(SolutionConfigurationPlatforms) = preSolution
		Debug|Any CPU = Debug|Any CPU
		Release|Any CPU = Release|Any CPU
	EndGlobalSection
	GlobalSection(ProjectConfigurationPlatforms) = postSolution
		{32CC6EFB-70EE-4178-8476-353825F8DCB7}.Debug|Any CPU.ActiveCfg = Debug|Any CPU
		{32CC6EFB-70EE-4178-8476-353825F8DCB7}.Debug|Any CPU.Build.0 = Debug|Any CPU
		{32CC6EFB-70EE-4178-8476-353825F8DCB7}.Release|Any CPU.ActiveCfg = Release|Any CPU
		{32CC6EFB-70EE-4178-8476-353825F8DCB7}.Release|Any CPU.Build.0 = Release|Any CPU
	EndGlobalSection
	GlobalSection(SolutionProperties) = preSolution
		HideSolutionNode = FALSE
	EndGlobalSection
	GlobalSection(ExtensibilityGlobals) = postSolution
		SolutionGuid = {6010F2AC-042F-436E-A28F-824701D28D0C}
	EndGlobalSection
EndGlobal
